# This file was autogenerated by Stack.
# You should not edit this file by hand.
# For more information, please see the documentation at:
#   https://docs.haskellstack.org/en/stable/lock_files

packages: []
snapshots:
- completed:
    size: 400915
    url: https://raw.githubusercontent.com/commercialhaskell/stackage-snapshots/master/nightly/2019/10/18.yaml
    sha256: 7a4c61951cc6600e4517e5692f344cd6b048a193500474c551962e87b7beb898
  original: nightly-2019-10-18
